
Microsoft Visual Studio Solution File, Format Version 12.00
# Visual Studio Version 16
VisualStudioVersion = 16.0.32228.343
MinimumVisualStudioVersion = 10.0.40219.1
Project("{9A19103F-16F7-4668-BE54-9A1E7A4F7556}") = "Gateway", "Gateway\Gateway.csproj", "{9F590F74-6ADD-40B3-AD4E-191776FAE6E7}"
EndProject
Global
	GlobalSection(SolutionConfigurationPlatforms) = preSolution
		Debug|Any CPU = Debug|Any CPU
		Release|Any CPU = Release|Any CPU
	EndGlobalSection
	GlobalSection(ProjectConfigurationPlatforms) = postSolution
		{9F590F74-6ADD-40B3-AD4E-191776FAE6E7}.Debug|Any CPU.ActiveCfg = Debug|Any CPU
		{9F590F74-6ADD-40B3-AD4E-191776FAE6E7}.Debug|Any CPU.Build.0 = Debug|Any CPU
		{9F590F74-6ADD-40B3-AD4E-191776FAE6E7}.Release|Any CPU.ActiveCfg = Release|Any CPU
		{9F590F74-6ADD-40B3-AD4E-191776FAE6E7}.Release|Any CPU.Build.0 = Release|Any CPU
	EndGlobalSection
	GlobalSection(SolutionProperties) = preSolution
		HideSolutionNode = FALSE
	EndGlobalSection
	GlobalSection(ExtensibilityGlobals) = postSolution
		SolutionGuid = {078FF23C-8D22-4A8B-8EC9-402A999FD3E9}
	EndGlobalSection
EndGlobal
